
Microsoft Visual Studio Solution File, Format Version 12.00
Project("{FAE04EC0-301F-11D3-BF4B-00C04F79EFBC}") = "Mf.Mounts.Cli", "Mf.Mounts.Cli\Mf.Mounts.Cli.csproj", "{14102F19-E46A-42EE-BB80-9165AA5321FB}"
EndProject
Project("{FAE04EC0-301F-11D3-BF4B-00C04F79EFBC}") = "Mf.Mounts.Lib", "Mf.Mounts.Lib\Mf.Mounts.Lib.csproj", "{F51ACCBD-CBB0-4102-9F12-046A64194A6C}"
EndProject
Global
	GlobalSection(SolutionConfigurationPlatforms) = preSolution
		Debug|Any CPU = Debug|Any CPU
		Release|Any CPU = Release|Any CPU
	EndGlobalSection
	GlobalSection(ProjectConfigurationPlatforms) = postSolution
		{14102F19-E46A-42EE-BB80-9165AA5321FB}.Debug|Any CPU.ActiveCfg = Debug|Any CPU
		{14102F19-E46A-42EE-BB80-9165AA5321FB}.Debug|Any CPU.Build.0 = Debug|Any CPU
		{14102F19-E46A-42EE-BB80-9165AA5321FB}.Release|Any CPU.ActiveCfg = Release|Any CPU
		{14102F19-E46A-42EE-BB80-9165AA5321FB}.Release|Any CPU.Build.0 = Release|Any CPU
		{F51ACCBD-CBB0-4102-9F12-046A64194A6C}.Debug|Any CPU.ActiveCfg = Debug|Any CPU
		{F51ACCBD-CBB0-4102-9F12-046A64194A6C}.Debug|Any CPU.Build.0 = Debug|Any CPU
		{F51ACCBD-CBB0-4102-9F12-046A64194A6C}.Release|Any CPU.ActiveCfg = Release|Any CPU
		{F51ACCBD-CBB0-4102-9F12-046A64194A6C}.Release|Any CPU.Build.0 = Release|Any CPU
	EndGlobalSection
EndGlobal
